
Microsoft Visual Studio Solution File, Format Version 12.00
# Visual Studio Version 17
VisualStudioVersion = 17.11.35312.102
MinimumVisualStudioVersion = 10.0.40219.1
Project("{FAE04EC0-301F-11D3-BF4B-00C04F79EFBC}") = "Bakalauras", "Bakalauras.csproj", "{0F966102-1710-4060-888E-985FE9375FDD}"
EndProject
Global
	GlobalSection(SolutionConfigurationPlatforms) = preSolution
		Debug|Any CPU = Debug|Any CPU
		Release|Any CPU = Release|Any CPU
	EndGlobalSection
	GlobalSection(ProjectConfigurationPlatforms) = postSolution
		{0F966102-1710-4060-888E-985FE9375FDD}.Debug|Any CPU.ActiveCfg = Debug|Any CPU
		{0F966102-1710-4060-888E-985FE9375FDD}.Debug|Any CPU.Build.0 = Debug|Any CPU
		{0F966102-1710-4060-888E-985FE9375FDD}.Release|Any CPU.ActiveCfg = Release|Any CPU
		{0F966102-1710-4060-888E-985FE9375FDD}.Release|Any CPU.Build.0 = Release|Any CPU
	EndGlobalSection
	GlobalSection(SolutionProperties) = preSolution
		HideSolutionNode = FALSE
	EndGlobalSection
	GlobalSection(ExtensibilityGlobals) = postSolution
		SolutionGuid = {C0E9D890-6F71-4894-A84A-B830C6DB31D7}
	EndGlobalSection
EndGlobal
